
Microsoft Visual Studio Solution File, Format Version 12.00
# Visual Studio 15
VisualStudioVersion = 15.0.27703.2035
MinimumVisualStudioVersion = 10.0.40219.1
Project("{FAE04EC0-301F-11D3-BF4B-00C04F79EFBC}") = "N11PageObjectTests", "N11PageObjectTests\N11PageObjectTests.csproj", "{B5E63448-3140-418C-B2C7-8817E7796F89}"
EndProject
Global
	GlobalSection(SolutionConfigurationPlatforms) = preSolution
		Debug|Any CPU = Debug|Any CPU
		Release|Any CPU = Release|Any CPU
	EndGlobalSection
	GlobalSection(ProjectConfigurationPlatforms) = postSolution
		{B5E63448-3140-418C-B2C7-8817E7796F89}.Debug|Any CPU.ActiveCfg = Debug|Any CPU
		{B5E63448-3140-418C-B2C7-8817E7796F89}.Debug|Any CPU.Build.0 = Debug|Any CPU
		{B5E63448-3140-418C-B2C7-8817E7796F89}.Release|Any CPU.ActiveCfg = Release|Any CPU
		{B5E63448-3140-418C-B2C7-8817E7796F89}.Release|Any CPU.Build.0 = Release|Any CPU
	EndGlobalSection
	GlobalSection(SolutionProperties) = preSolution
		HideSolutionNode = FALSE
	EndGlobalSection
	GlobalSection(ExtensibilityGlobals) = postSolution
		SolutionGuid = {C77EFE46-DA79-4A5A-9442-90EAA9592F8A}
	EndGlobalSection
EndGlobal
